// !$*UTF8*$!
{
	archiveVersion = 1;
	classes = {
	};
	objectVersion = 50;
	objects = {

/* Begin PBXBuildFile section */
		57DE10B123D23CD9007266AE /* AppDelegate.swift in Sources */ = {isa = PBXBuildFile; fileRef = 57DE10B023D23CD9007266AE /* AppDelegate.swift */; };
		57DE10B323D23CD9007266AE /* ViewController.swift in Sources */ = {isa = PBXBuildFile; fileRef = 57DE10B223D23CD9007266AE /* ViewController.swift */; };
		57DE10B523D23CDC007266AE /* Assets.xcassets in Resources */ = {isa = PBXBuildFile; fileRef = 57DE10B423D23CDC007266AE /* Assets.xcassets */; };
		57DE10B823D23CDC007266AE /* Main.storyboard in Resources */ = {isa = PBXBuildFile; fileRef = 57DE10B623D23CDC007266AE /* Main.storyboard */; };
		57DE10C323D24225007266AE /* UserTextFieldCell.swift in Sources */ = {isa = PBXBuildFile; fileRef = 57DE10C223D24225007266AE /* UserTextFieldCell.swift */; };
		57DE10C723D242ED007266AE /* CustomNSTextFieldDraw.swift in Sources */ = {isa = PBXBuildFile; fileRef = 57DE10C623D242ED007266AE /* CustomNSTextFieldDraw.swift */; };
		57DE10C923D244FA007266AE /* PasswordTextFieldCell.swift in Sources */ = {isa = PBXBuildFile; fileRef = 57DE10C823D244FA007266AE /* PasswordTextFieldCell.swift */; };
/* End PBXBuildFile section */

/* Begin PBXFileReference section */
		57DE10AD23D23CD9007266AE /* CustomTextFields.app */ = {isa = PBXFileReference; explicitFileType = wrapper.application; includeInIndex = 0; path = CustomTextFields.app; sourceTree = BUILT_PRODUCTS_DIR; };
		57DE10B023D23CD9007266AE /* AppDelegate.swift */ = {isa = PBXFileReference; lastKnownFileType = sourcecode.swift; path = AppDelegate.swift; sourceTree = "<group>"; };
		57DE10B223D23CD9007266AE /* ViewController.swift */ = {isa = PBXFileReference; lastKnownFileType = sourcecode.swift; path = ViewController.swift; sourceTree = "<group>"; };
		57DE10B423D23CDC007266AE /* Assets.xcassets */ = {isa = PBXFileReference; lastKnownFileType = folder.assetcatalog; path = Assets.xcassets; sourceTree = "<group>"; };
		57DE10B723D23CDC007266AE /* Base */ = {isa = PBXFileReference; lastKnownFileType = file.storyboard; name = Base; path = Base.lproj/Main.storyboard; sourceTree = "<group>"; };
		57DE10B923D23CDC007266AE /* Info.plist */ = {isa = PBXFileReference; lastKnownFileType = text.plist.xml; path = Info.plist; sourceTree = "<group>"; };
		57DE10BA23D23CDC007266AE /* CustomTextFields.entitlements */ = {isa = PBXFileReference; lastKnownFileType = text.plist.entitlements; path = CustomTextFields.entitlements; sourceTree = "<group>"; };
		57DE10C223D24225007266AE /* UserTextFieldCell.swift */ = {isa = PBXFileReference; fileEncoding = 4; lastKnownFileType = sourcecode.swift; path = UserTextFieldCell.swift; sourceTree = "<group>"; };
		57DE10C623D242ED007266AE /* CustomNSTextFieldDraw.swift */ = {isa = PBXFileReference; fileEncoding = 4; lastKnownFileType = sourcecode.swift; path = CustomNSTextFieldDraw.swift; sourceTree = "<group>"; };
		57DE10C823D244FA007266AE /* PasswordTextFieldCell.swift */ = {isa = PBXFileReference; fileEncoding = 4; lastKnownFileType = sourcecode.swift; path = PasswordTextFieldCell.swift; sourceTree = "<group>"; };
/* End PBXFileReference section */

/* Begin PBXFrameworksBuildPhase section */
		57DE10AA23D23CD9007266AE /* Frameworks */ = {
			isa = PBXFrameworksBuildPhase;
			buildActionMask = 2147483647;
			files = (
			);
			runOnlyForDeploymentPostprocessing = 0;
		};
/* End PBXFrameworksBuildPhase section */

/* Begin PBXGroup section */
		57DE10A423D23CD9007266AE = {
			isa = PBXGroup;
			children = (
				57DE10AF23D23CD9007266AE /* CustomTextFields */,
				57DE10AE23D23CD9007266AE /* Products */,
			);
			sourceTree = "<group>";
		};
		57DE10AE23D23CD9007266AE /* Products */ = {
			isa = PBXGroup;
			children = (
				57DE10AD23D23CD9007266AE /* CustomTextFields.app */,
			);
			name = Products;
			sourceTree = "<group>";
		};
		57DE10AF23D23CD9007266AE /* CustomTextFields */ = {
			isa = PBXGroup;
			children = (
				57DE10C823D244FA007266AE /* PasswordTextFieldCell.swift */,
				57DE10C623D242ED007266AE /* CustomNSTextFieldDraw.swift */,
				57DE10C223D24225007266AE /* UserTextFieldCell.swift */,
				57DE10B023D23CD9007266AE /* AppDelegate.swift */,
				57DE10B223D23CD9007266AE /* ViewController.swift */,
				57DE10B423D23CDC007266AE /* Assets.xcassets */,
				57DE10B623D23CDC007266AE /* Main.storyboard */,
				57DE10B923D23CDC007266AE /* Info.plist */,
				57DE10BA23D23CDC007266AE /* CustomTextFields.entitlements */,
			);
			path = CustomTextFields;
			sourceTree = "<group>";
		};
/* End PBXGroup section */

/* Begin PBXNativeTarget section */
		57DE10AC23D23CD9007266AE /* CustomTextFields */ = {
			isa = PBXNativeTarget;
			buildConfigurationList = 57DE10BD23D23CDC007266AE /* Build configuration list for PBXNativeTarget "CustomTextFields" */;
			buildPhases = (
				57DE10A923D23CD9007266AE /* Sources */,
				57DE10AA23D23CD9007266AE /* Frameworks */,
				57DE10AB23D23CD9007266AE /* Resources */,
			);
			buildRules = (
			);
			dependencies = (
			);
			name = CustomTextFields;
			productName = CustomTextFields;
			productReference = 57DE10AD23D23CD9007266AE /* CustomTextFields.app */;
			productType = "com.apple.product-type.application";
		};
/* End PBXNativeTarget section */

/* Begin PBXProject section */
		57DE10A523D23CD9007266AE /* Project object */ = {
			isa = PBXProject;
			attributes = {
				LastSwiftUpdateCheck = 1130;
				LastUpgradeCheck = 1130;
				ORGANIZATIONNAME = purzelbaum.hu;
				TargetAttributes = {
					57DE10AC23D23CD9007266AE = {
						CreatedOnToolsVersion = 11.3.1;
					};
				};
			};
			buildConfigurationList = 57DE10A823D23CD9007266AE /* Build configuration list for PBXProject "CustomTextFields" */;
			compatibilityVersion = "Xcode 9.3";
			developmentRegion = en;
			hasScannedForEncodings = 0;
			knownRegions = (
				en,
				Base,
			);
			mainGroup = 57DE10A423D23CD9007266AE;
			productRefGroup = 57DE10AE23D23CD9007266AE /* Products */;
			projectDirPath = "";
			projectRoot = "";
			targets = (
				57DE10AC23D23CD9007266AE /* CustomTextFields */,
			);
		};
/* End PBXProject section */

/* Begin PBXResourcesBuildPhase section */
		57DE10AB23D23CD9007266AE /* Resources */ = {
			isa = PBXResourcesBuildPhase;
			buildActionMask = 2147483647;
			files = (
				57DE10B523D23CDC007266AE /* Assets.xcassets in Resources */,
				57DE10B823D23CDC007266AE /* Main.storyboard in Resources */,
			);
			runOnlyForDeploymentPostprocessing = 0;
		};
/* End PBXResourcesBuildPhase section */

/* Begin PBXSourcesBuildPhase section */
		57DE10A923D23CD9007266AE /* Sources */ = {
			isa = PBXSourcesBuildPhase;
			buildActionMask = 2147483647;
			files = (
				57DE10C923D244FA007266AE /* PasswordTextFieldCell.swift in Sources */,
				57DE10B323D23CD9007266AE /* ViewController.swift in Sources */,
				57DE10C723D242ED007266AE /* CustomNSTextFieldDraw.swift in Sources */,
				57DE10C323D24225007266AE /* UserTextFieldCell.swift in Sources */,
				57DE10B123D23CD9007266AE /* AppDelegate.swift in Sources */,
			);
			runOnlyForDeploymentPostprocessing = 0;
		};
/* End PBXSourcesBuildPhase section */

/* Begin PBXVariantGroup section */
		57DE10B623D23CDC007266AE /* Main.storyboard */ = {
			isa = PBXVariantGroup;
			children = (
				57DE10B723D23CDC007266AE /* Base */,
			);
			name = Main.storyboard;
			sourceTree = "<group>";
		};
/* End PBXVariantGroup section */

/* Begin XCBuildConfiguration section */
		57DE10BB23D23CDC007266AE /* Debug */ = {
			isa = XCBuildConfiguration;
			buildSettings = {
				ALWAYS_SEARCH_USER_PATHS = NO;
				CLANG_ANALYZER_NONNULL = YES;
				CLANG_ANALYZER_NUMBER_OBJECT_CONVERSION = YES_AGGRESSIVE;
				CLANG_CXX_LANGUAGE_STANDARD = "gnu++14";
				CLANG_CXX_LIBRARY = "libc++";
				CLANG_ENABLE_MODULES = YES;
				CLANG_ENABLE_OBJC_ARC = YES;
				CLANG_ENABLE_OBJC_WEAK = YES;
				CLANG_WARN_BLOCK_CAPTURE_AUTORELEASING = YES;
				CLANG_WARN_BOOL_CONVERSION = YES;
				CLANG_WARN_COMMA = YES;
				CLANG_WARN_CONSTANT_CONVERSION = YES;
				CLANG_WARN_DEPRECATED_OBJC_IMPLEMENTATIONS = YES;
				CLANG_WARN_DIRECT_OBJC_ISA_USAGE = YES_ERROR;
				CLANG_WARN_DOCUMENTATION_COMMENTS = YES;
				CLANG_WARN_EMPTY_BODY = YES;
				CLANG_WARN_ENUM_CONVERSION = YES;
				CLANG_WARN_INFINITE_RECURSION = YES;
				CLANG_WARN_INT_CONVERSION = YES;
				CLANG_WARN_NON_LITERAL_NULL_CONVERSION = YES;
				CLANG_WARN_OBJC_IMPLICIT_RETAIN_SELF = YES;
				CLANG_WARN_OBJC_LITERAL_CONVERSION = YES;
				CLANG_WARN_OBJC_ROOT_CLASS = YES_ERROR;
				CLANG_WARN_RANGE_LOOP_ANALYSIS = YES;
				CLANG_WARN_STRICT_PROTOTYPES = YES;
				CLANG_WARN_SUSPICIOUS_MOVE = YES;
				CLANG_WARN_UNGUARDED_AVAILABILITY = YES_AGGRESSIVE;
				CLANG_WARN_UNREACHABLE_CODE = YES;
				CLANG_WARN__DUPLICATE_METHOD_MATCH = YES;
				COPY_PHASE_STRIP = NO;
				DEBUG_INFORMATION_FORMAT = dwarf;
				ENABLE_STRICT_OBJC_MSGSEND = YES;
				ENABLE_TESTABILITY = YES;
				GCC_C_LANGUAGE_STANDARD = gnu11;
				GCC_DYNAMIC_NO_PIC = NO;
				GCC_NO_COMMON_BLOCKS = YES;
				GCC_OPTIMIZATION_LEVEL = 0;
				GCC_PREPROCESSOR_DEFINITIONS = (
					"DEBUG=1",
					"$(inherited)",
				);
				GCC_WARN_64_TO_32_BIT_CONVERSION = YES;
				GCC_WARN_ABOUT_RETURN_TYPE = YES_ERROR;
				GCC_WARN_UNDECLARED_SELECTOR = YES;
				GCC_WARN_UNINITIALIZED_AUTOS = YES_AGGRESSIVE;
				GCC_WARN_UNUSED_FUNCTION = YES;
				GCC_WARN_UNUSED_VARIABLE = YES;
				MACOSX_DEPLOYMENT_TARGET = 10.15;
				MTL_ENABLE_DEBUG_INFO = INCLUDE_SOURCE;
				MTL_FAST_MATH = YES;
				ONLY_ACTIVE_ARCH = YES;
				SDKROOT = macosx;
				SWIFT_ACTIVE_COMPILATION_CONDITIONS = DEBUG;
				SWIFT_OPTIMIZATION_LEVEL = "-Onone";
			};
			name = Debug;
		};
		57DE10BC23D23CDC007266AE /* Release */ = {
			isa = XCBuildConfiguration;
			buildSettings = {
				ALWAYS_SEARCH_USER_PATHS = NO;
				CLANG_ANALYZER_NONNULL = YES;
				CLANG_ANALYZER_NUMBER_OBJECT_CONVERSION = YES_AGGRESSIVE;
				CLANG_CXX_LANGUAGE_STANDARD = "gnu++14";
				CLANG_CXX_LIBRARY = "libc++";
				CLANG_ENABLE_MODULES = YES;
				CLANG_ENABLE_OBJC_ARC = YES;
				CLANG_ENABLE_OBJC_WEAK = YES;
				CLANG_WARN_BLOCK_CAPTURE_AUTORELEASING = YES;
				CLANG_WARN_BOOL_CONVERSION = YES;
				CLANG_WARN_COMMA = YES;
				CLANG_WARN_CONSTANT_CONVERSION = YES;
				CLANG_WARN_DEPRECATED_OBJC_IMPLEMENTATIONS = YES;
				CLANG_WARN_DIRECT_OBJC_ISA_USAGE = YES_ERROR;
				CLANG_WARN_DOCUMENTATION_COMMENTS = YES;
				CLANG_WARN_EMPTY_BODY = YES;
				CLANG_WARN_ENUM_CONVERSION = YES;
				CLANG_WARN_INFINITE_RECURSION = YES;
				CLANG_WARN_INT_CONVERSION = YES;
				CLANG_WARN_NON_LITERAL_NULL_CONVERSION = YES;
				CLANG_WARN_OBJC_IMPLICIT_RETAIN_SELF = YES;
				CLANG_WARN_OBJC_LITERAL_CONVERSION = YES;
				CLANG_WARN_OBJC_ROOT_CLASS = YES_ERROR;
				CLANG_WARN_RANGE_LOOP_ANALYSIS = YES;
				CLANG_WARN_STRICT_PROTOTYPES = YES;
				CLANG_WARN_SUSPICIOUS_MOVE = YES;
				CLANG_WARN_UNGUARDED_AVAILABILITY = YES_AGGRESSIVE;
				CLANG_WARN_UNREACHABLE_CODE = YES;
				CLANG_WARN__DUPLICATE_METHOD_MATCH = YES;
				COPY_PHASE_STRIP = NO;
				DEBUG_INFORMATION_FORMAT = "dwarf-with-dsym";
				ENABLE_NS_ASSERTIONS = NO;
				ENABLE_STRICT_OBJC_MSGSEND = YES;
				GCC_C_LANGUAGE_STANDARD = gnu11;
				GCC_NO_COMMON_BLOCKS = YES;
				GCC_WARN_64_TO_32_BIT_CONVERSION = YES;
				GCC_WARN_ABOUT_RETURN_TYPE = YES_ERROR;
				GCC_WARN_UNDECLARED_SELECTOR = YES;
				GCC_WARN_UNINITIALIZED_AUTOS = YES_AGGRESSIVE;
				GCC_WARN_UNUSED_FUNCTION = YES;
				GCC_WARN_UNUSED_VARIABLE = YES;
				MACOSX_DEPLOYMENT_TARGET = 10.15;
				MTL_ENABLE_DEBUG_INFO = NO;
				MTL_FAST_MATH = YES;
				SDKROOT = macosx;
				SWIFT_COMPILATION_MODE = wholemodule;
				SWIFT_OPTIMIZATION_LEVEL = "-O";
			};
			name = Release;
		};
		57DE10BE23D23CDC007266AE /* Debug */ = {
			isa = XCBuildConfiguration;
			buildSettings = {
				ASSETCATALOG_COMPILER_APPICON_NAME = AppIcon;
				CODE_SIGN_ENTITLEMENTS = CustomTextFields/CustomTextFields.entitlements;
				CODE_SIGN_STYLE = Automatic;
				COMBINE_HIDPI_IMAGES = YES;
				DEVELOPMENT_TEAM = 358WHQF94W;
				ENABLE_HARDENED_RUNTIME = YES;
				INFOPLIST_FILE = CustomTextFields/Info.plist;
				LD_RUNPATH_SEARCH_PATHS = (
					"$(inherited)",
					"@executable_path/../Frameworks",
				);
				PRODUCT_BUNDLE_IDENTIFIER = hu.purzelbaum.CustomTextFields;
				PRODUCT_NAME = "$(TARGET_NAME)";
				SWIFT_VERSION = 5.0;
			};
			name = Debug;
		};
		57DE10BF23D23CDC007266AE /* Release */ = {
			isa = XCBuildConfiguration;
			buildSettings = {
				ASSETCATALOG_COMPILER_APPICON_NAME = AppIcon;
				CODE_SIGN_ENTITLEMENTS = CustomTextFields/CustomTextFields.entitlements;
				CODE_SIGN_STYLE = Automatic;
				COMBINE_HIDPI_IMAGES = YES;
				DEVELOPMENT_TEAM = 358WHQF94W;
				ENABLE_HARDENED_RUNTIME = YES;
				INFOPLIST_FILE = CustomTextFields/Info.plist;
				LD_RUNPATH_SEARCH_PATHS = (
					"$(inherited)",
					"@executable_path/../Frameworks",
				);
				PRODUCT_BUNDLE_IDENTIFIER = hu.purzelbaum.CustomTextFields;
				PRODUCT_NAME = "$(TARGET_NAME)";
				SWIFT_VERSION = 5.0;
			};
			name = Release;
		};
/* End XCBuildConfiguration section */

/* Begin XCConfigurationList section */
		57DE10A823D23CD9007266AE /* Build configuration list for PBXProject "CustomTextFields" */ = {
			isa = XCConfigurationList;
			buildConfigurations = (
				57DE10BB23D23CDC007266AE /* Debug */,
				57DE10BC23D23CDC007266AE /* Release */,
			);
			defaultConfigurationIsVisible = 0;
			defaultConfigurationName = Release;
		};
		57DE10BD23D23CDC007266AE /* Build configuration list for PBXNativeTarget "CustomTextFields" */ = {
			isa = XCConfigurationList;
			buildConfigurations = (
				57DE10BE23D23CDC007266AE /* Debug */,
				57DE10BF23D23CDC007266AE /* Release */,
			);
			defaultConfigurationIsVisible = 0;
			defaultConfigurationName = Release;
		};
/* End XCConfigurationList section */
	};
	rootObject = 57DE10A523D23CD9007266AE /* Project object */;
}
