// !$*UTF8*$!
{
	archiveVersion = 1;
	classes = {
	};
	objectVersion = 50;
	objects = {

/* Begin PBXBuildFile section */
		57D6718323C8D2C100DCF596 /* AppDelegate.swift in Sources */ = {isa = PBXBuildFile; fileRef = 57D6718223C8D2C100DCF596 /* AppDelegate.swift */; };
		57D6718523C8D2C100DCF596 /* ViewController.swift in Sources */ = {isa = PBXBuildFile; fileRef = 57D6718423C8D2C100DCF596 /* ViewController.swift */; };
		57D6718723C8D2C300DCF596 /* Assets.xcassets in Resources */ = {isa = PBXBuildFile; fileRef = 57D6718623C8D2C300DCF596 /* Assets.xcassets */; };
		57D6718A23C8D2C300DCF596 /* Main.storyboard in Resources */ = {isa = PBXBuildFile; fileRef = 57D6718823C8D2C300DCF596 /* Main.storyboard */; };
		57D6719323C8D2F800DCF596 /* CustomWindowController.swift in Sources */ = {isa = PBXBuildFile; fileRef = 57D6719223C8D2F800DCF596 /* CustomWindowController.swift */; };
		57D6719523C8DD5400DCF596 /* LeftView.swift in Sources */ = {isa = PBXBuildFile; fileRef = 57D6719423C8DD5400DCF596 /* LeftView.swift */; };
		57D6719723C8E54F00DCF596 /* CustomCloseButton.swift in Sources */ = {isa = PBXBuildFile; fileRef = 57D6719623C8E54F00DCF596 /* CustomCloseButton.swift */; };
/* End PBXBuildFile section */

/* Begin PBXFileReference section */
		57D6717F23C8D2C100DCF596 /* CustomWindow.app */ = {isa = PBXFileReference; explicitFileType = wrapper.application; includeInIndex = 0; path = CustomWindow.app; sourceTree = BUILT_PRODUCTS_DIR; };
		57D6718223C8D2C100DCF596 /* AppDelegate.swift */ = {isa = PBXFileReference; lastKnownFileType = sourcecode.swift; path = AppDelegate.swift; sourceTree = "<group>"; };
		57D6718423C8D2C100DCF596 /* ViewController.swift */ = {isa = PBXFileReference; lastKnownFileType = sourcecode.swift; path = ViewController.swift; sourceTree = "<group>"; };
		57D6718623C8D2C300DCF596 /* Assets.xcassets */ = {isa = PBXFileReference; lastKnownFileType = folder.assetcatalog; path = Assets.xcassets; sourceTree = "<group>"; };
		57D6718923C8D2C300DCF596 /* Base */ = {isa = PBXFileReference; lastKnownFileType = file.storyboard; name = Base; path = Base.lproj/Main.storyboard; sourceTree = "<group>"; };
		57D6718B23C8D2C300DCF596 /* Info.plist */ = {isa = PBXFileReference; lastKnownFileType = text.plist.xml; path = Info.plist; sourceTree = "<group>"; };
		57D6718C23C8D2C300DCF596 /* CustomWindow.entitlements */ = {isa = PBXFileReference; lastKnownFileType = text.plist.entitlements; path = CustomWindow.entitlements; sourceTree = "<group>"; };
		57D6719223C8D2F800DCF596 /* CustomWindowController.swift */ = {isa = PBXFileReference; lastKnownFileType = sourcecode.swift; path = CustomWindowController.swift; sourceTree = "<group>"; };
		57D6719423C8DD5400DCF596 /* LeftView.swift */ = {isa = PBXFileReference; lastKnownFileType = sourcecode.swift; path = LeftView.swift; sourceTree = "<group>"; };
		57D6719623C8E54F00DCF596 /* CustomCloseButton.swift */ = {isa = PBXFileReference; lastKnownFileType = sourcecode.swift; path = CustomCloseButton.swift; sourceTree = "<group>"; };
/* End PBXFileReference section */

/* Begin PBXFrameworksBuildPhase section */
		57D6717C23C8D2C100DCF596 /* Frameworks */ = {
			isa = PBXFrameworksBuildPhase;
			buildActionMask = 2147483647;
			files = (
			);
			runOnlyForDeploymentPostprocessing = 0;
		};
/* End PBXFrameworksBuildPhase section */

/* Begin PBXGroup section */
		57D6717623C8D2C100DCF596 = {
			isa = PBXGroup;
			children = (
				57D6718123C8D2C100DCF596 /* CustomWindow */,
				57D6718023C8D2C100DCF596 /* Products */,
			);
			sourceTree = "<group>";
		};
		57D6718023C8D2C100DCF596 /* Products */ = {
			isa = PBXGroup;
			children = (
				57D6717F23C8D2C100DCF596 /* CustomWindow.app */,
			);
			name = Products;
			sourceTree = "<group>";
		};
		57D6718123C8D2C100DCF596 /* CustomWindow */ = {
			isa = PBXGroup;
			children = (
				57D6718223C8D2C100DCF596 /* AppDelegate.swift */,
				57D6718423C8D2C100DCF596 /* ViewController.swift */,
				57D6718623C8D2C300DCF596 /* Assets.xcassets */,
				57D6718823C8D2C300DCF596 /* Main.storyboard */,
				57D6718B23C8D2C300DCF596 /* Info.plist */,
				57D6718C23C8D2C300DCF596 /* CustomWindow.entitlements */,
				57D6719223C8D2F800DCF596 /* CustomWindowController.swift */,
				57D6719423C8DD5400DCF596 /* LeftView.swift */,
				57D6719623C8E54F00DCF596 /* CustomCloseButton.swift */,
			);
			path = CustomWindow;
			sourceTree = "<group>";
		};
/* End PBXGroup section */

/* Begin PBXNativeTarget section */
		57D6717E23C8D2C100DCF596 /* CustomWindow */ = {
			isa = PBXNativeTarget;
			buildConfigurationList = 57D6718F23C8D2C300DCF596 /* Build configuration list for PBXNativeTarget "CustomWindow" */;
			buildPhases = (
				57D6717B23C8D2C100DCF596 /* Sources */,
				57D6717C23C8D2C100DCF596 /* Frameworks */,
				57D6717D23C8D2C100DCF596 /* Resources */,
			);
			buildRules = (
			);
			dependencies = (
			);
			name = CustomWindow;
			productName = CustomWindow;
			productReference = 57D6717F23C8D2C100DCF596 /* CustomWindow.app */;
			productType = "com.apple.product-type.application";
		};
/* End PBXNativeTarget section */

/* Begin PBXProject section */
		57D6717723C8D2C100DCF596 /* Project object */ = {
			isa = PBXProject;
			attributes = {
				LastSwiftUpdateCheck = 1130;
				LastUpgradeCheck = 1130;
				ORGANIZATIONNAME = purzelbaum.hu;
				TargetAttributes = {
					57D6717E23C8D2C100DCF596 = {
						CreatedOnToolsVersion = 11.3;
					};
				};
			};
			buildConfigurationList = 57D6717A23C8D2C100DCF596 /* Build configuration list for PBXProject "CustomWindow" */;
			compatibilityVersion = "Xcode 9.3";
			developmentRegion = en;
			hasScannedForEncodings = 0;
			knownRegions = (
				en,
				Base,
			);
			mainGroup = 57D6717623C8D2C100DCF596;
			productRefGroup = 57D6718023C8D2C100DCF596 /* Products */;
			projectDirPath = "";
			projectRoot = "";
			targets = (
				57D6717E23C8D2C100DCF596 /* CustomWindow */,
			);
		};
/* End PBXProject section */

/* Begin PBXResourcesBuildPhase section */
		57D6717D23C8D2C100DCF596 /* Resources */ = {
			isa = PBXResourcesBuildPhase;
			buildActionMask = 2147483647;
			files = (
				57D6718723C8D2C300DCF596 /* Assets.xcassets in Resources */,
				57D6718A23C8D2C300DCF596 /* Main.storyboard in Resources */,
			);
			runOnlyForDeploymentPostprocessing = 0;
		};
/* End PBXResourcesBuildPhase section */

/* Begin PBXSourcesBuildPhase section */
		57D6717B23C8D2C100DCF596 /* Sources */ = {
			isa = PBXSourcesBuildPhase;
			buildActionMask = 2147483647;
			files = (
				57D6718523C8D2C100DCF596 /* ViewController.swift in Sources */,
				57D6718323C8D2C100DCF596 /* AppDelegate.swift in Sources */,
				57D6719323C8D2F800DCF596 /* CustomWindowController.swift in Sources */,
				57D6719723C8E54F00DCF596 /* CustomCloseButton.swift in Sources */,
				57D6719523C8DD5400DCF596 /* LeftView.swift in Sources */,
			);
			runOnlyForDeploymentPostprocessing = 0;
		};
/* End PBXSourcesBuildPhase section */

/* Begin PBXVariantGroup section */
		57D6718823C8D2C300DCF596 /* Main.storyboard */ = {
			isa = PBXVariantGroup;
			children = (
				57D6718923C8D2C300DCF596 /* Base */,
			);
			name = Main.storyboard;
			sourceTree = "<group>";
		};
/* End PBXVariantGroup section */

/* Begin XCBuildConfiguration section */
		57D6718D23C8D2C300DCF596 /* Debug */ = {
			isa = XCBuildConfiguration;
			buildSettings = {
				ALWAYS_SEARCH_USER_PATHS = NO;
				CLANG_ANALYZER_NONNULL = YES;
				CLANG_ANALYZER_NUMBER_OBJECT_CONVERSION = YES_AGGRESSIVE;
				CLANG_CXX_LANGUAGE_STANDARD = "gnu++14";
				CLANG_CXX_LIBRARY = "libc++";
				CLANG_ENABLE_MODULES = YES;
				CLANG_ENABLE_OBJC_ARC = YES;
				CLANG_ENABLE_OBJC_WEAK = YES;
				CLANG_WARN_BLOCK_CAPTURE_AUTORELEASING = YES;
				CLANG_WARN_BOOL_CONVERSION = YES;
				CLANG_WARN_COMMA = YES;
				CLANG_WARN_CONSTANT_CONVERSION = YES;
				CLANG_WARN_DEPRECATED_OBJC_IMPLEMENTATIONS = YES;
				CLANG_WARN_DIRECT_OBJC_ISA_USAGE = YES_ERROR;
				CLANG_WARN_DOCUMENTATION_COMMENTS = YES;
				CLANG_WARN_EMPTY_BODY = YES;
				CLANG_WARN_ENUM_CONVERSION = YES;
				CLANG_WARN_INFINITE_RECURSION = YES;
				CLANG_WARN_INT_CONVERSION = YES;
				CLANG_WARN_NON_LITERAL_NULL_CONVERSION = YES;
				CLANG_WARN_OBJC_IMPLICIT_RETAIN_SELF = YES;
				CLANG_WARN_OBJC_LITERAL_CONVERSION = YES;
				CLANG_WARN_OBJC_ROOT_CLASS = YES_ERROR;
				CLANG_WARN_RANGE_LOOP_ANALYSIS = YES;
				CLANG_WARN_STRICT_PROTOTYPES = YES;
				CLANG_WARN_SUSPICIOUS_MOVE = YES;
				CLANG_WARN_UNGUARDED_AVAILABILITY = YES_AGGRESSIVE;
				CLANG_WARN_UNREACHABLE_CODE = YES;
				CLANG_WARN__DUPLICATE_METHOD_MATCH = YES;
				COPY_PHASE_STRIP = NO;
				DEBUG_INFORMATION_FORMAT = dwarf;
				ENABLE_STRICT_OBJC_MSGSEND = YES;
				ENABLE_TESTABILITY = YES;
				GCC_C_LANGUAGE_STANDARD = gnu11;
				GCC_DYNAMIC_NO_PIC = NO;
				GCC_NO_COMMON_BLOCKS = YES;
				GCC_OPTIMIZATION_LEVEL = 0;
				GCC_PREPROCESSOR_DEFINITIONS = (
					"DEBUG=1",
					"$(inherited)",
				);
				GCC_WARN_64_TO_32_BIT_CONVERSION = YES;
				GCC_WARN_ABOUT_RETURN_TYPE = YES_ERROR;
				GCC_WARN_UNDECLARED_SELECTOR = YES;
				GCC_WARN_UNINITIALIZED_AUTOS = YES_AGGRESSIVE;
				GCC_WARN_UNUSED_FUNCTION = YES;
				GCC_WARN_UNUSED_VARIABLE = YES;
				MACOSX_DEPLOYMENT_TARGET = 10.15;
				MTL_ENABLE_DEBUG_INFO = INCLUDE_SOURCE;
				MTL_FAST_MATH = YES;
				ONLY_ACTIVE_ARCH = YES;
				SDKROOT = macosx;
				SWIFT_ACTIVE_COMPILATION_CONDITIONS = DEBUG;
				SWIFT_OPTIMIZATION_LEVEL = "-Onone";
			};
			name = Debug;
		};
		57D6718E23C8D2C300DCF596 /* Release */ = {
			isa = XCBuildConfiguration;
			buildSettings = {
				ALWAYS_SEARCH_USER_PATHS = NO;
				CLANG_ANALYZER_NONNULL = YES;
				CLANG_ANALYZER_NUMBER_OBJECT_CONVERSION = YES_AGGRESSIVE;
				CLANG_CXX_LANGUAGE_STANDARD = "gnu++14";
				CLANG_CXX_LIBRARY = "libc++";
				CLANG_ENABLE_MODULES = YES;
				CLANG_ENABLE_OBJC_ARC = YES;
				CLANG_ENABLE_OBJC_WEAK = YES;
				CLANG_WARN_BLOCK_CAPTURE_AUTORELEASING = YES;
				CLANG_WARN_BOOL_CONVERSION = YES;
				CLANG_WARN_COMMA = YES;
				CLANG_WARN_CONSTANT_CONVERSION = YES;
				CLANG_WARN_DEPRECATED_OBJC_IMPLEMENTATIONS = YES;
				CLANG_WARN_DIRECT_OBJC_ISA_USAGE = YES_ERROR;
				CLANG_WARN_DOCUMENTATION_COMMENTS = YES;
				CLANG_WARN_EMPTY_BODY = YES;
				CLANG_WARN_ENUM_CONVERSION = YES;
				CLANG_WARN_INFINITE_RECURSION = YES;
				CLANG_WARN_INT_CONVERSION = YES;
				CLANG_WARN_NON_LITERAL_NULL_CONVERSION = YES;
				CLANG_WARN_OBJC_IMPLICIT_RETAIN_SELF = YES;
				CLANG_WARN_OBJC_LITERAL_CONVERSION = YES;
				CLANG_WARN_OBJC_ROOT_CLASS = YES_ERROR;
				CLANG_WARN_RANGE_LOOP_ANALYSIS = YES;
				CLANG_WARN_STRICT_PROTOTYPES = YES;
				CLANG_WARN_SUSPICIOUS_MOVE = YES;
				CLANG_WARN_UNGUARDED_AVAILABILITY = YES_AGGRESSIVE;
				CLANG_WARN_UNREACHABLE_CODE = YES;
				CLANG_WARN__DUPLICATE_METHOD_MATCH = YES;
				COPY_PHASE_STRIP = NO;
				DEBUG_INFORMATION_FORMAT = "dwarf-with-dsym";
				ENABLE_NS_ASSERTIONS = NO;
				ENABLE_STRICT_OBJC_MSGSEND = YES;
				GCC_C_LANGUAGE_STANDARD = gnu11;
				GCC_NO_COMMON_BLOCKS = YES;
				GCC_WARN_64_TO_32_BIT_CONVERSION = YES;
				GCC_WARN_ABOUT_RETURN_TYPE = YES_ERROR;
				GCC_WARN_UNDECLARED_SELECTOR = YES;
				GCC_WARN_UNINITIALIZED_AUTOS = YES_AGGRESSIVE;
				GCC_WARN_UNUSED_FUNCTION = YES;
				GCC_WARN_UNUSED_VARIABLE = YES;
				MACOSX_DEPLOYMENT_TARGET = 10.15;
				MTL_ENABLE_DEBUG_INFO = NO;
				MTL_FAST_MATH = YES;
				SDKROOT = macosx;
				SWIFT_COMPILATION_MODE = wholemodule;
				SWIFT_OPTIMIZATION_LEVEL = "-O";
			};
			name = Release;
		};
		57D6719023C8D2C300DCF596 /* Debug */ = {
			isa = XCBuildConfiguration;
			buildSettings = {
				ASSETCATALOG_COMPILER_APPICON_NAME = AppIcon;
				CODE_SIGN_ENTITLEMENTS = CustomWindow/CustomWindow.entitlements;
				CODE_SIGN_STYLE = Automatic;
				COMBINE_HIDPI_IMAGES = YES;
				DEVELOPMENT_TEAM = 358WHQF94W;
				ENABLE_HARDENED_RUNTIME = YES;
				INFOPLIST_FILE = CustomWindow/Info.plist;
				LD_RUNPATH_SEARCH_PATHS = (
					"$(inherited)",
					"@executable_path/../Frameworks",
				);
				PRODUCT_BUNDLE_IDENTIFIER = hu.purzelbaum.CustomWindow;
				PRODUCT_NAME = "$(TARGET_NAME)";
				SWIFT_VERSION = 5.0;
			};
			name = Debug;
		};
		57D6719123C8D2C300DCF596 /* Release */ = {
			isa = XCBuildConfiguration;
			buildSettings = {
				ASSETCATALOG_COMPILER_APPICON_NAME = AppIcon;
				CODE_SIGN_ENTITLEMENTS = CustomWindow/CustomWindow.entitlements;
				CODE_SIGN_STYLE = Automatic;
				COMBINE_HIDPI_IMAGES = YES;
				DEVELOPMENT_TEAM = 358WHQF94W;
				ENABLE_HARDENED_RUNTIME = YES;
				INFOPLIST_FILE = CustomWindow/Info.plist;
				LD_RUNPATH_SEARCH_PATHS = (
					"$(inherited)",
					"@executable_path/../Frameworks",
				);
				PRODUCT_BUNDLE_IDENTIFIER = hu.purzelbaum.CustomWindow;
				PRODUCT_NAME = "$(TARGET_NAME)";
				SWIFT_VERSION = 5.0;
			};
			name = Release;
		};
/* End XCBuildConfiguration section */

/* Begin XCConfigurationList section */
		57D6717A23C8D2C100DCF596 /* Build configuration list for PBXProject "CustomWindow" */ = {
			isa = XCConfigurationList;
			buildConfigurations = (
				57D6718D23C8D2C300DCF596 /* Debug */,
				57D6718E23C8D2C300DCF596 /* Release */,
			);
			defaultConfigurationIsVisible = 0;
			defaultConfigurationName = Release;
		};
		57D6718F23C8D2C300DCF596 /* Build configuration list for PBXNativeTarget "CustomWindow" */ = {
			isa = XCConfigurationList;
			buildConfigurations = (
				57D6719023C8D2C300DCF596 /* Debug */,
				57D6719123C8D2C300DCF596 /* Release */,
			);
			defaultConfigurationIsVisible = 0;
			defaultConfigurationName = Release;
		};
/* End XCConfigurationList section */
	};
	rootObject = 57D6717723C8D2C100DCF596 /* Project object */;
}
